
Microsoft Visual Studio Solution File, Format Version 12.00
# Visual Studio 15
VisualStudioVersion = 15.0.27703.2026
MinimumVisualStudioVersion = 10.0.40219.1
Project("{FAE04EC0-301F-11D3-BF4B-00C04F79EFBC}") = "FizzBuzz_Tree", "FizzBuzz_Tree\FizzBuzz_Tree.csproj", "{B225EE0F-29C6-409E-B10F-A1C854E6353E}"
EndProject
Project("{FAE04EC0-301F-11D3-BF4B-00C04F79EFBC}") = "XUnitTestProject1", "XUnitTestProject1\XUnitTestProject1.csproj", "{F2235F55-BDE2-4B10-8BFA-6CBD0BFC1291}"
EndProject
Global
	GlobalSection(SolutionConfigurationPlatforms) = preSolution
		Debug|Any CPU = Debug|Any CPU
		Release|Any CPU = Release|Any CPU
	EndGlobalSection
	GlobalSection(ProjectConfigurationPlatforms) = postSolution
		{B225EE0F-29C6-409E-B10F-A1C854E6353E}.Debug|Any CPU.ActiveCfg = Debug|Any CPU
		{B225EE0F-29C6-409E-B10F-A1C854E6353E}.Debug|Any CPU.Build.0 = Debug|Any CPU
		{B225EE0F-29C6-409E-B10F-A1C854E6353E}.Release|Any CPU.ActiveCfg = Release|Any CPU
		{B225EE0F-29C6-409E-B10F-A1C854E6353E}.Release|Any CPU.Build.0 = Release|Any CPU
		{F2235F55-BDE2-4B10-8BFA-6CBD0BFC1291}.Debug|Any CPU.ActiveCfg = Debug|Any CPU
		{F2235F55-BDE2-4B10-8BFA-6CBD0BFC1291}.Debug|Any CPU.Build.0 = Debug|Any CPU
		{F2235F55-BDE2-4B10-8BFA-6CBD0BFC1291}.Release|Any CPU.ActiveCfg = Release|Any CPU
		{F2235F55-BDE2-4B10-8BFA-6CBD0BFC1291}.Release|Any CPU.Build.0 = Release|Any CPU
	EndGlobalSection
	GlobalSection(SolutionProperties) = preSolution
		HideSolutionNode = FALSE
	EndGlobalSection
	GlobalSection(ExtensibilityGlobals) = postSolution
		SolutionGuid = {E662B0FE-F936-4B68-AAFE-692683508DC5}
	EndGlobalSection
EndGlobal
