
Microsoft Visual Studio Solution File, Format Version 12.00
# Visual Studio 15
VisualStudioVersion = 15.0.27703.2026
MinimumVisualStudioVersion = 10.0.40219.1
Project("{FAE04EC0-301F-11D3-BF4B-00C04F79EFBC}") = "MultiBracket_Validation", "MultiBracket_Validation\MultiBracket_Validation.csproj", "{DD1A5514-AC0A-4FCE-A5DE-B2D2D7FA3969}"
EndProject
Project("{FAE04EC0-301F-11D3-BF4B-00C04F79EFBC}") = "XUnitTestProject1", "XUnitTestProject1\XUnitTestProject1.csproj", "{CE864223-0C7C-4F32-A67A-D2688F750749}"
EndProject
Global
	GlobalSection(SolutionConfigurationPlatforms) = preSolution
		Debug|Any CPU = Debug|Any CPU
		Release|Any CPU = Release|Any CPU
	EndGlobalSection
	GlobalSection(ProjectConfigurationPlatforms) = postSolution
		{DD1A5514-AC0A-4FCE-A5DE-B2D2D7FA3969}.Debug|Any CPU.ActiveCfg = Debug|Any CPU
		{DD1A5514-AC0A-4FCE-A5DE-B2D2D7FA3969}.Debug|Any CPU.Build.0 = Debug|Any CPU
		{DD1A5514-AC0A-4FCE-A5DE-B2D2D7FA3969}.Release|Any CPU.ActiveCfg = Release|Any CPU
		{DD1A5514-AC0A-4FCE-A5DE-B2D2D7FA3969}.Release|Any CPU.Build.0 = Release|Any CPU
		{CE864223-0C7C-4F32-A67A-D2688F750749}.Debug|Any CPU.ActiveCfg = Debug|Any CPU
		{CE864223-0C7C-4F32-A67A-D2688F750749}.Debug|Any CPU.Build.0 = Debug|Any CPU
		{CE864223-0C7C-4F32-A67A-D2688F750749}.Release|Any CPU.ActiveCfg = Release|Any CPU
		{CE864223-0C7C-4F32-A67A-D2688F750749}.Release|Any CPU.Build.0 = Release|Any CPU
	EndGlobalSection
	GlobalSection(SolutionProperties) = preSolution
		HideSolutionNode = FALSE
	EndGlobalSection
	GlobalSection(ExtensibilityGlobals) = postSolution
		SolutionGuid = {70C2206E-E940-475A-9B25-378A601C9C7B}
	EndGlobalSection
EndGlobal
