
Microsoft Visual Studio Solution File, Format Version 12.00
# Visual Studio 15
VisualStudioVersion = 15.0.27703.2026
MinimumVisualStudioVersion = 10.0.40219.1
Project("{9A19103F-16F7-4668-BE54-9A1E7A4F7556}") = "Left_Join", "Left_Join\Left_Join.csproj", "{108DAABE-12AC-4457-801C-B82B3D31267D}"
EndProject
Project("{FAE04EC0-301F-11D3-BF4B-00C04F79EFBC}") = "XUnitTestProject1", "XUnitTestProject1\XUnitTestProject1.csproj", "{03776008-12DF-4AAB-9133-7F913168BA09}"
EndProject
Global
	GlobalSection(SolutionConfigurationPlatforms) = preSolution
		Debug|Any CPU = Debug|Any CPU
		Release|Any CPU = Release|Any CPU
	EndGlobalSection
	GlobalSection(ProjectConfigurationPlatforms) = postSolution
		{108DAABE-12AC-4457-801C-B82B3D31267D}.Debug|Any CPU.ActiveCfg = Debug|Any CPU
		{108DAABE-12AC-4457-801C-B82B3D31267D}.Debug|Any CPU.Build.0 = Debug|Any CPU
		{108DAABE-12AC-4457-801C-B82B3D31267D}.Release|Any CPU.ActiveCfg = Release|Any CPU
		{108DAABE-12AC-4457-801C-B82B3D31267D}.Release|Any CPU.Build.0 = Release|Any CPU
		{03776008-12DF-4AAB-9133-7F913168BA09}.Debug|Any CPU.ActiveCfg = Debug|Any CPU
		{03776008-12DF-4AAB-9133-7F913168BA09}.Debug|Any CPU.Build.0 = Debug|Any CPU
		{03776008-12DF-4AAB-9133-7F913168BA09}.Release|Any CPU.ActiveCfg = Release|Any CPU
		{03776008-12DF-4AAB-9133-7F913168BA09}.Release|Any CPU.Build.0 = Release|Any CPU
	EndGlobalSection
	GlobalSection(SolutionProperties) = preSolution
		HideSolutionNode = FALSE
	EndGlobalSection
	GlobalSection(ExtensibilityGlobals) = postSolution
		SolutionGuid = {35F87E7D-5E0E-44CF-91FC-857E6A04E5B2}
	EndGlobalSection
EndGlobal
