
Microsoft Visual Studio Solution File, Format Version 12.00
# Visual Studio 15
VisualStudioVersion = 15.0.27703.2026
MinimumVisualStudioVersion = 10.0.40219.1
Project("{FAE04EC0-301F-11D3-BF4B-00C04F79EFBC}") = "Stack_and_Queue", "Stack_and_Queue\Stack_and_Queue.csproj", "{84EAAD68-B62C-4088-8102-9B9621302603}"
EndProject
Project("{FAE04EC0-301F-11D3-BF4B-00C04F79EFBC}") = "XUnitTestProject1", "XUnitTestProject1\XUnitTestProject1.csproj", "{1996E686-0592-46DD-B9E6-47AC85658120}"
EndProject
Global
	GlobalSection(SolutionConfigurationPlatforms) = preSolution
		Debug|Any CPU = Debug|Any CPU
		Release|Any CPU = Release|Any CPU
	EndGlobalSection
	GlobalSection(ProjectConfigurationPlatforms) = postSolution
		{84EAAD68-B62C-4088-8102-9B9621302603}.Debug|Any CPU.ActiveCfg = Debug|Any CPU
		{84EAAD68-B62C-4088-8102-9B9621302603}.Debug|Any CPU.Build.0 = Debug|Any CPU
		{84EAAD68-B62C-4088-8102-9B9621302603}.Release|Any CPU.ActiveCfg = Release|Any CPU
		{84EAAD68-B62C-4088-8102-9B9621302603}.Release|Any CPU.Build.0 = Release|Any CPU
		{1996E686-0592-46DD-B9E6-47AC85658120}.Debug|Any CPU.ActiveCfg = Debug|Any CPU
		{1996E686-0592-46DD-B9E6-47AC85658120}.Debug|Any CPU.Build.0 = Debug|Any CPU
		{1996E686-0592-46DD-B9E6-47AC85658120}.Release|Any CPU.ActiveCfg = Release|Any CPU
		{1996E686-0592-46DD-B9E6-47AC85658120}.Release|Any CPU.Build.0 = Release|Any CPU
	EndGlobalSection
	GlobalSection(SolutionProperties) = preSolution
		HideSolutionNode = FALSE
	EndGlobalSection
	GlobalSection(ExtensibilityGlobals) = postSolution
		SolutionGuid = {807EEECF-C813-47B8-8A4E-B3F0738CC5CA}
	EndGlobalSection
EndGlobal
