
Microsoft Visual Studio Solution File, Format Version 12.00
# Visual Studio 15
VisualStudioVersion = 15.0.27703.2026
MinimumVisualStudioVersion = 10.0.40219.1
Project("{FAE04EC0-301F-11D3-BF4B-00C04F79EFBC}") = "Trees", "Trees\Trees.csproj", "{91E638D2-9007-497F-8D68-3ED86881719A}"
EndProject
Project("{FAE04EC0-301F-11D3-BF4B-00C04F79EFBC}") = "XUnitTestProject2", "XUnitTestProject2\XUnitTestProject2.csproj", "{9EAFD013-E96D-4A87-9EBA-8DB3DE27FA07}"
EndProject
Global
	GlobalSection(SolutionConfigurationPlatforms) = preSolution
		Debug|Any CPU = Debug|Any CPU
		Release|Any CPU = Release|Any CPU
	EndGlobalSection
	GlobalSection(ProjectConfigurationPlatforms) = postSolution
		{91E638D2-9007-497F-8D68-3ED86881719A}.Debug|Any CPU.ActiveCfg = Debug|Any CPU
		{91E638D2-9007-497F-8D68-3ED86881719A}.Debug|Any CPU.Build.0 = Debug|Any CPU
		{91E638D2-9007-497F-8D68-3ED86881719A}.Release|Any CPU.ActiveCfg = Release|Any CPU
		{91E638D2-9007-497F-8D68-3ED86881719A}.Release|Any CPU.Build.0 = Release|Any CPU
		{9EAFD013-E96D-4A87-9EBA-8DB3DE27FA07}.Debug|Any CPU.ActiveCfg = Debug|Any CPU
		{9EAFD013-E96D-4A87-9EBA-8DB3DE27FA07}.Debug|Any CPU.Build.0 = Debug|Any CPU
		{9EAFD013-E96D-4A87-9EBA-8DB3DE27FA07}.Release|Any CPU.ActiveCfg = Release|Any CPU
		{9EAFD013-E96D-4A87-9EBA-8DB3DE27FA07}.Release|Any CPU.Build.0 = Release|Any CPU
	EndGlobalSection
	GlobalSection(SolutionProperties) = preSolution
		HideSolutionNode = FALSE
	EndGlobalSection
	GlobalSection(ExtensibilityGlobals) = postSolution
		SolutionGuid = {59DA0BAF-D78C-483D-B646-0CA2608E3843}
	EndGlobalSection
EndGlobal
