
Microsoft Visual Studio Solution File, Format Version 12.00
# Visual Studio 15
VisualStudioVersion = 15.0.27703.2026
MinimumVisualStudioVersion = 10.0.40219.1
Project("{FAE04EC0-301F-11D3-BF4B-00C04F79EFBC}") = "Tree_Intersection", "Tree_Intersection\Tree_Intersection.csproj", "{E0A7EAF7-3C6A-4F45-B394-BBFEF0A69F17}"
EndProject
Global
	GlobalSection(SolutionConfigurationPlatforms) = preSolution
		Debug|Any CPU = Debug|Any CPU
		Release|Any CPU = Release|Any CPU
	EndGlobalSection
	GlobalSection(ProjectConfigurationPlatforms) = postSolution
		{E0A7EAF7-3C6A-4F45-B394-BBFEF0A69F17}.Debug|Any CPU.ActiveCfg = Debug|Any CPU
		{E0A7EAF7-3C6A-4F45-B394-BBFEF0A69F17}.Debug|Any CPU.Build.0 = Debug|Any CPU
		{E0A7EAF7-3C6A-4F45-B394-BBFEF0A69F17}.Release|Any CPU.ActiveCfg = Release|Any CPU
		{E0A7EAF7-3C6A-4F45-B394-BBFEF0A69F17}.Release|Any CPU.Build.0 = Release|Any CPU
	EndGlobalSection
	GlobalSection(SolutionProperties) = preSolution
		HideSolutionNode = FALSE
	EndGlobalSection
	GlobalSection(ExtensibilityGlobals) = postSolution
		SolutionGuid = {7BEFE33B-7022-4CEF-A98D-4259F42ADF7E}
	EndGlobalSection
EndGlobal
